// !$*UTF8*$!
{
	archiveVersion = 1;
	classes = {
	};
	objectVersion = 46;
	objects = {

/* Begin PBXBuildFile section */
		9220337A194C08B100AC6E61 /* main.swift in Sources */ = {isa = PBXBuildFile; fileRef = 92203379194C08B100AC6E61 /* main.swift */; };
		9220337C194C08B100AC6E61 /* AppDelegate.swift in Sources */ = {isa = PBXBuildFile; fileRef = 9220337B194C08B100AC6E61 /* AppDelegate.swift */; };
		9220337E194C08B100AC6E61 /* Images.xcassets in Resources */ = {isa = PBXBuildFile; fileRef = 9220337D194C08B100AC6E61 /* Images.xcassets */; };
		92203381194C08B100AC6E61 /* MainMenu.xib in Resources */ = {isa = PBXBuildFile; fileRef = 9220337F194C08B100AC6E61 /* MainMenu.xib */; };
		9220338D194C08B100AC6E61 /* SwiftEditTests.swift in Sources */ = {isa = PBXBuildFile; fileRef = 9220338C194C08B100AC6E61 /* SwiftEditTests.swift */; };
		92203397194C095D00AC6E61 /* RulerView.swift in Sources */ = {isa = PBXBuildFile; fileRef = 92203396194C095D00AC6E61 /* RulerView.swift */; };
		9220339919501CCC00AC6E61 /* TextView.swift in Sources */ = {isa = PBXBuildFile; fileRef = 9220339819501CCC00AC6E61 /* TextView.swift */; };
		9220339B1950496200AC6E61 /* ClipView.swift in Sources */ = {isa = PBXBuildFile; fileRef = 9220339A1950496200AC6E61 /* ClipView.swift */; };
		9220339E195049A700AC6E61 /* LinenBackgroundPattern.png in Resources */ = {isa = PBXBuildFile; fileRef = 9220339C195049A700AC6E61 /* LinenBackgroundPattern.png */; };
		9220339F195049A700AC6E61 /* LinenBackgroundPattern@2x.png in Resources */ = {isa = PBXBuildFile; fileRef = 9220339D195049A700AC6E61 /* LinenBackgroundPattern@2x.png */; };
		922033A1195049D100AC6E61 /* ScrollView.swift in Sources */ = {isa = PBXBuildFile; fileRef = 922033A0195049D100AC6E61 /* ScrollView.swift */; };
/* End PBXBuildFile section */

/* Begin PBXContainerItemProxy section */
		92203387194C08B100AC6E61 /* PBXContainerItemProxy */ = {
			isa = PBXContainerItemProxy;
			containerPortal = 9220336C194C08B000AC6E61 /* Project object */;
			proxyType = 1;
			remoteGlobalIDString = 92203373194C08B100AC6E61;
			remoteInfo = SwiftEdit;
		};
/* End PBXContainerItemProxy section */

/* Begin PBXFileReference section */
		92203374194C08B100AC6E61 /* SwiftEdit.app */ = {isa = PBXFileReference; explicitFileType = wrapper.application; includeInIndex = 0; path = SwiftEdit.app; sourceTree = BUILT_PRODUCTS_DIR; };
		92203378194C08B100AC6E61 /* Info.plist */ = {isa = PBXFileReference; lastKnownFileType = text.plist.xml; path = Info.plist; sourceTree = "<group>"; };
		92203379194C08B100AC6E61 /* main.swift */ = {isa = PBXFileReference; lastKnownFileType = sourcecode.swift; path = main.swift; sourceTree = "<group>"; };
		9220337B194C08B100AC6E61 /* AppDelegate.swift */ = {isa = PBXFileReference; lastKnownFileType = sourcecode.swift; path = AppDelegate.swift; sourceTree = "<group>"; };
		9220337D194C08B100AC6E61 /* Images.xcassets */ = {isa = PBXFileReference; lastKnownFileType = folder.assetcatalog; path = Images.xcassets; sourceTree = "<group>"; };
		92203380194C08B100AC6E61 /* Base */ = {isa = PBXFileReference; lastKnownFileType = file.xib; name = Base; path = Base.lproj/MainMenu.xib; sourceTree = "<group>"; };
		92203386194C08B100AC6E61 /* SwiftEditTests.xctest */ = {isa = PBXFileReference; explicitFileType = wrapper.cfbundle; includeInIndex = 0; path = SwiftEditTests.xctest; sourceTree = BUILT_PRODUCTS_DIR; };
		9220338B194C08B100AC6E61 /* Info.plist */ = {isa = PBXFileReference; lastKnownFileType = text.plist.xml; path = Info.plist; sourceTree = "<group>"; };
		9220338C194C08B100AC6E61 /* SwiftEditTests.swift */ = {isa = PBXFileReference; lastKnownFileType = sourcecode.swift; path = SwiftEditTests.swift; sourceTree = "<group>"; };
		92203396194C095D00AC6E61 /* RulerView.swift */ = {isa = PBXFileReference; fileEncoding = 4; lastKnownFileType = sourcecode.swift; path = RulerView.swift; sourceTree = "<group>"; };
		9220339819501CCC00AC6E61 /* TextView.swift */ = {isa = PBXFileReference; fileEncoding = 4; lastKnownFileType = sourcecode.swift; path = TextView.swift; sourceTree = "<group>"; };
		9220339A1950496200AC6E61 /* ClipView.swift */ = {isa = PBXFileReference; fileEncoding = 4; lastKnownFileType = sourcecode.swift; path = ClipView.swift; sourceTree = "<group>"; };
		9220339C195049A700AC6E61 /* LinenBackgroundPattern.png */ = {isa = PBXFileReference; lastKnownFileType = image.png; path = LinenBackgroundPattern.png; sourceTree = "<group>"; };
		9220339D195049A700AC6E61 /* LinenBackgroundPattern@2x.png */ = {isa = PBXFileReference; lastKnownFileType = image.png; path = "LinenBackgroundPattern@2x.png"; sourceTree = "<group>"; };
		922033A0195049D100AC6E61 /* ScrollView.swift */ = {isa = PBXFileReference; fileEncoding = 4; lastKnownFileType = sourcecode.swift; path = ScrollView.swift; sourceTree = "<group>"; };
/* End PBXFileReference section */

/* Begin PBXFrameworksBuildPhase section */
		92203371194C08B100AC6E61 /* Frameworks */ = {
			isa = PBXFrameworksBuildPhase;
			buildActionMask = 2147483647;
			files = (
			);
			runOnlyForDeploymentPostprocessing = 0;
		};
		92203383194C08B100AC6E61 /* Frameworks */ = {
			isa = PBXFrameworksBuildPhase;
			buildActionMask = 2147483647;
			files = (
			);
			runOnlyForDeploymentPostprocessing = 0;
		};
/* End PBXFrameworksBuildPhase section */

/* Begin PBXGroup section */
		9220336B194C08B000AC6E61 = {
			isa = PBXGroup;
			children = (
				92203376194C08B100AC6E61 /* SwiftEdit */,
				92203389194C08B100AC6E61 /* SwiftEditTests */,
				92203375194C08B100AC6E61 /* Products */,
			);
			sourceTree = "<group>";
		};
		92203375194C08B100AC6E61 /* Products */ = {
			isa = PBXGroup;
			children = (
				92203374194C08B100AC6E61 /* SwiftEdit.app */,
				92203386194C08B100AC6E61 /* SwiftEditTests.xctest */,
			);
			name = Products;
			sourceTree = "<group>";
		};
		92203376194C08B100AC6E61 /* SwiftEdit */ = {
			isa = PBXGroup;
			children = (
				9220337B194C08B100AC6E61 /* AppDelegate.swift */,
				922033A0195049D100AC6E61 /* ScrollView.swift */,
				9220339A1950496200AC6E61 /* ClipView.swift */,
				9220339819501CCC00AC6E61 /* TextView.swift */,
				92203396194C095D00AC6E61 /* RulerView.swift */,
				9220337D194C08B100AC6E61 /* Images.xcassets */,
				9220337F194C08B100AC6E61 /* MainMenu.xib */,
				92203377194C08B100AC6E61 /* Supporting Files */,
			);
			path = SwiftEdit;
			sourceTree = "<group>";
		};
		92203377194C08B100AC6E61 /* Supporting Files */ = {
			isa = PBXGroup;
			children = (
				9220339C195049A700AC6E61 /* LinenBackgroundPattern.png */,
				9220339D195049A700AC6E61 /* LinenBackgroundPattern@2x.png */,
				92203378194C08B100AC6E61 /* Info.plist */,
				92203379194C08B100AC6E61 /* main.swift */,
			);
			name = "Supporting Files";
			sourceTree = "<group>";
		};
		92203389194C08B100AC6E61 /* SwiftEditTests */ = {
			isa = PBXGroup;
			children = (
				9220338C194C08B100AC6E61 /* SwiftEditTests.swift */,
				9220338A194C08B100AC6E61 /* Supporting Files */,
			);
			path = SwiftEditTests;
			sourceTree = "<group>";
		};
		9220338A194C08B100AC6E61 /* Supporting Files */ = {
			isa = PBXGroup;
			children = (
				9220338B194C08B100AC6E61 /* Info.plist */,
			);
			name = "Supporting Files";
			sourceTree = "<group>";
		};
/* End PBXGroup section */

/* Begin PBXNativeTarget section */
		92203373194C08B100AC6E61 /* SwiftEdit */ = {
			isa = PBXNativeTarget;
			buildConfigurationList = 92203390194C08B100AC6E61 /* Build configuration list for PBXNativeTarget "SwiftEdit" */;
			buildPhases = (
				92203370194C08B100AC6E61 /* Sources */,
				92203371194C08B100AC6E61 /* Frameworks */,
				92203372194C08B100AC6E61 /* Resources */,
			);
			buildRules = (
			);
			dependencies = (
			);
			name = SwiftEdit;
			productName = SwiftEdit;
			productReference = 92203374194C08B100AC6E61 /* SwiftEdit.app */;
			productType = "com.apple.product-type.application";
		};
		92203385194C08B100AC6E61 /* SwiftEditTests */ = {
			isa = PBXNativeTarget;
			buildConfigurationList = 92203393194C08B100AC6E61 /* Build configuration list for PBXNativeTarget "SwiftEditTests" */;
			buildPhases = (
				92203382194C08B100AC6E61 /* Sources */,
				92203383194C08B100AC6E61 /* Frameworks */,
				92203384194C08B100AC6E61 /* Resources */,
			);
			buildRules = (
			);
			dependencies = (
				92203388194C08B100AC6E61 /* PBXTargetDependency */,
			);
			name = SwiftEditTests;
			productName = SwiftEditTests;
			productReference = 92203386194C08B100AC6E61 /* SwiftEditTests.xctest */;
			productType = "com.apple.product-type.bundle.unit-test";
		};
/* End PBXNativeTarget section */

/* Begin PBXProject section */
		9220336C194C08B000AC6E61 /* Project object */ = {
			isa = PBXProject;
			attributes = {
				LastUpgradeCheck = 0600;
				ORGANIZATIONNAME = "Scott Horn";
				TargetAttributes = {
					92203373194C08B100AC6E61 = {
						CreatedOnToolsVersion = 6.0;
					};
					92203385194C08B100AC6E61 = {
						CreatedOnToolsVersion = 6.0;
						TestTargetID = 92203373194C08B100AC6E61;
					};
				};
			};
			buildConfigurationList = 9220336F194C08B000AC6E61 /* Build configuration list for PBXProject "SwiftEdit" */;
			compatibilityVersion = "Xcode 3.2";
			developmentRegion = English;
			hasScannedForEncodings = 0;
			knownRegions = (
				en,
				Base,
			);
			mainGroup = 9220336B194C08B000AC6E61;
			productRefGroup = 92203375194C08B100AC6E61 /* Products */;
			projectDirPath = "";
			projectRoot = "";
			targets = (
				92203373194C08B100AC6E61 /* SwiftEdit */,
				92203385194C08B100AC6E61 /* SwiftEditTests */,
			);
		};
/* End PBXProject section */

/* Begin PBXResourcesBuildPhase section */
		92203372194C08B100AC6E61 /* Resources */ = {
			isa = PBXResourcesBuildPhase;
			buildActionMask = 2147483647;
			files = (
				9220337E194C08B100AC6E61 /* Images.xcassets in Resources */,
				92203381194C08B100AC6E61 /* MainMenu.xib in Resources */,
				9220339F195049A700AC6E61 /* LinenBackgroundPattern@2x.png in Resources */,
				9220339E195049A700AC6E61 /* LinenBackgroundPattern.png in Resources */,
			);
			runOnlyForDeploymentPostprocessing = 0;
		};
		92203384194C08B100AC6E61 /* Resources */ = {
			isa = PBXResourcesBuildPhase;
			buildActionMask = 2147483647;
			files = (
			);
			runOnlyForDeploymentPostprocessing = 0;
		};
/* End PBXResourcesBuildPhase section */

/* Begin PBXSourcesBuildPhase section */
		92203370194C08B100AC6E61 /* Sources */ = {
			isa = PBXSourcesBuildPhase;
			buildActionMask = 2147483647;
			files = (
				9220337C194C08B100AC6E61 /* AppDelegate.swift in Sources */,
				9220339B1950496200AC6E61 /* ClipView.swift in Sources */,
				9220339919501CCC00AC6E61 /* TextView.swift in Sources */,
				92203397194C095D00AC6E61 /* RulerView.swift in Sources */,
				9220337A194C08B100AC6E61 /* main.swift in Sources */,
				922033A1195049D100AC6E61 /* ScrollView.swift in Sources */,
			);
			runOnlyForDeploymentPostprocessing = 0;
		};
		92203382194C08B100AC6E61 /* Sources */ = {
			isa = PBXSourcesBuildPhase;
			buildActionMask = 2147483647;
			files = (
				9220338D194C08B100AC6E61 /* SwiftEditTests.swift in Sources */,
			);
			runOnlyForDeploymentPostprocessing = 0;
		};
/* End PBXSourcesBuildPhase section */

/* Begin PBXTargetDependency section */
		92203388194C08B100AC6E61 /* PBXTargetDependency */ = {
			isa = PBXTargetDependency;
			target = 92203373194C08B100AC6E61 /* SwiftEdit */;
			targetProxy = 92203387194C08B100AC6E61 /* PBXContainerItemProxy */;
		};
/* End PBXTargetDependency section */

/* Begin PBXVariantGroup section */
		9220337F194C08B100AC6E61 /* MainMenu.xib */ = {
			isa = PBXVariantGroup;
			children = (
				92203380194C08B100AC6E61 /* Base */,
			);
			name = MainMenu.xib;
			sourceTree = "<group>";
		};
/* End PBXVariantGroup section */

/* Begin XCBuildConfiguration section */
		9220338E194C08B100AC6E61 /* Debug */ = {
			isa = XCBuildConfiguration;
			buildSettings = {
				ALWAYS_SEARCH_USER_PATHS = NO;
				CLANG_CXX_LANGUAGE_STANDARD = "gnu++0x";
				CLANG_CXX_LIBRARY = "libc++";
				CLANG_ENABLE_MODULES = YES;
				CLANG_ENABLE_OBJC_ARC = YES;
				CLANG_WARN_BOOL_CONVERSION = YES;
				CLANG_WARN_CONSTANT_CONVERSION = YES;
				CLANG_WARN_DIRECT_OBJC_ISA_USAGE = YES_ERROR;
				CLANG_WARN_EMPTY_BODY = YES;
				CLANG_WARN_ENUM_CONVERSION = YES;
				CLANG_WARN_INT_CONVERSION = YES;
				CLANG_WARN_OBJC_ROOT_CLASS = YES_ERROR;
				CLANG_WARN_UNREACHABLE_CODE = YES;
				CLANG_WARN__DUPLICATE_METHOD_MATCH = YES;
				CODE_SIGN_IDENTITY = "-";
				COPY_PHASE_STRIP = NO;
				ENABLE_STRICT_OBJC_MSGSEND = YES;
				GCC_C_LANGUAGE_STANDARD = gnu99;
				GCC_DYNAMIC_NO_PIC = NO;
				GCC_OPTIMIZATION_LEVEL = 0;
				GCC_PREPROCESSOR_DEFINITIONS = (
					"DEBUG=1",
					"$(inherited)",
				);
				GCC_SYMBOLS_PRIVATE_EXTERN = NO;
				GCC_WARN_64_TO_32_BIT_CONVERSION = YES;
				GCC_WARN_ABOUT_RETURN_TYPE = YES_ERROR;
				GCC_WARN_UNDECLARED_SELECTOR = YES;
				GCC_WARN_UNINITIALIZED_AUTOS = YES_AGGRESSIVE;
				GCC_WARN_UNUSED_FUNCTION = YES;
				GCC_WARN_UNUSED_VARIABLE = YES;
				MACOSX_DEPLOYMENT_TARGET = 10.9;
				METAL_ENABLE_DEBUG_INFO = YES;
				ONLY_ACTIVE_ARCH = YES;
				SDKROOT = macosx;
				SWIFT_OPTIMIZATION_LEVEL = "-Onone";
			};
			name = Debug;
		};
		9220338F194C08B100AC6E61 /* Release */ = {
			isa = XCBuildConfiguration;
			buildSettings = {
				ALWAYS_SEARCH_USER_PATHS = NO;
				CLANG_CXX_LANGUAGE_STANDARD = "gnu++0x";
				CLANG_CXX_LIBRARY = "libc++";
				CLANG_ENABLE_MODULES = YES;
				CLANG_ENABLE_OBJC_ARC = YES;
				CLANG_WARN_BOOL_CONVERSION = YES;
				CLANG_WARN_CONSTANT_CONVERSION = YES;
				CLANG_WARN_DIRECT_OBJC_ISA_USAGE = YES_ERROR;
				CLANG_WARN_EMPTY_BODY = YES;
				CLANG_WARN_ENUM_CONVERSION = YES;
				CLANG_WARN_INT_CONVERSION = YES;
				CLANG_WARN_OBJC_ROOT_CLASS = YES_ERROR;
				CLANG_WARN_UNREACHABLE_CODE = YES;
				CLANG_WARN__DUPLICATE_METHOD_MATCH = YES;
				CODE_SIGN_IDENTITY = "-";
				COPY_PHASE_STRIP = YES;
				DEBUG_INFORMATION_FORMAT = "dwarf-with-dsym";
				ENABLE_NS_ASSERTIONS = NO;
				ENABLE_STRICT_OBJC_MSGSEND = YES;
				GCC_C_LANGUAGE_STANDARD = gnu99;
				GCC_WARN_64_TO_32_BIT_CONVERSION = YES;
				GCC_WARN_ABOUT_RETURN_TYPE = YES_ERROR;
				GCC_WARN_UNDECLARED_SELECTOR = YES;
				GCC_WARN_UNINITIALIZED_AUTOS = YES_AGGRESSIVE;
				GCC_WARN_UNUSED_FUNCTION = YES;
				GCC_WARN_UNUSED_VARIABLE = YES;
				MACOSX_DEPLOYMENT_TARGET = 10.9;
				METAL_ENABLE_DEBUG_INFO = NO;
				SDKROOT = macosx;
			};
			name = Release;
		};
		92203391194C08B100AC6E61 /* Debug */ = {
			isa = XCBuildConfiguration;
			buildSettings = {
				ASSETCATALOG_COMPILER_APPICON_NAME = AppIcon;
				COMBINE_HIDPI_IMAGES = YES;
				INFOPLIST_FILE = SwiftEdit/Info.plist;
				LD_RUNPATH_SEARCH_PATHS = "$(inherited) @executable_path/../Frameworks";
				PRODUCT_NAME = "$(TARGET_NAME)";
			};
			name = Debug;
		};
		92203392194C08B100AC6E61 /* Release */ = {
			isa = XCBuildConfiguration;
			buildSettings = {
				ASSETCATALOG_COMPILER_APPICON_NAME = AppIcon;
				COMBINE_HIDPI_IMAGES = YES;
				GCC_OPTIMIZATION_LEVEL = fast;
				INFOPLIST_FILE = SwiftEdit/Info.plist;
				LD_RUNPATH_SEARCH_PATHS = "$(inherited) @executable_path/../Frameworks";
				PRODUCT_NAME = "$(TARGET_NAME)";
			};
			name = Release;
		};
		92203394194C08B100AC6E61 /* Debug */ = {
			isa = XCBuildConfiguration;
			buildSettings = {
				BUNDLE_LOADER = "$(BUILT_PRODUCTS_DIR)/SwiftEdit.app/Contents/MacOS/SwiftEdit";
				COMBINE_HIDPI_IMAGES = YES;
				FRAMEWORK_SEARCH_PATHS = (
					"$(DEVELOPER_FRAMEWORKS_DIR)",
					"$(inherited)",
				);
				GCC_PREPROCESSOR_DEFINITIONS = (
					"DEBUG=1",
					"$(inherited)",
				);
				INFOPLIST_FILE = SwiftEditTests/Info.plist;
				LD_RUNPATH_SEARCH_PATHS = "$(inherited) @executable_path/../Frameworks @loader_path/../Frameworks";
				METAL_ENABLE_DEBUG_INFO = YES;
				PRODUCT_NAME = "$(TARGET_NAME)";
				TEST_HOST = "$(BUNDLE_LOADER)";
			};
			name = Debug;
		};
		92203395194C08B100AC6E61 /* Release */ = {
			isa = XCBuildConfiguration;
			buildSettings = {
				BUNDLE_LOADER = "$(BUILT_PRODUCTS_DIR)/SwiftEdit.app/Contents/MacOS/SwiftEdit";
				COMBINE_HIDPI_IMAGES = YES;
				FRAMEWORK_SEARCH_PATHS = (
					"$(DEVELOPER_FRAMEWORKS_DIR)",
					"$(inherited)",
				);
				INFOPLIST_FILE = SwiftEditTests/Info.plist;
				LD_RUNPATH_SEARCH_PATHS = "$(inherited) @executable_path/../Frameworks @loader_path/../Frameworks";
				METAL_ENABLE_DEBUG_INFO = NO;
				PRODUCT_NAME = "$(TARGET_NAME)";
				TEST_HOST = "$(BUNDLE_LOADER)";
			};
			name = Release;
		};
/* End XCBuildConfiguration section */

/* Begin XCConfigurationList section */
		9220336F194C08B000AC6E61 /* Build configuration list for PBXProject "SwiftEdit" */ = {
			isa = XCConfigurationList;
			buildConfigurations = (
				9220338E194C08B100AC6E61 /* Debug */,
				9220338F194C08B100AC6E61 /* Release */,
			);
			defaultConfigurationIsVisible = 0;
			defaultConfigurationName = Release;
		};
		92203390194C08B100AC6E61 /* Build configuration list for PBXNativeTarget "SwiftEdit" */ = {
			isa = XCConfigurationList;
			buildConfigurations = (
				92203391194C08B100AC6E61 /* Debug */,
				92203392194C08B100AC6E61 /* Release */,
			);
			defaultConfigurationIsVisible = 0;
		};
		92203393194C08B100AC6E61 /* Build configuration list for PBXNativeTarget "SwiftEditTests" */ = {
			isa = XCConfigurationList;
			buildConfigurations = (
				92203394194C08B100AC6E61 /* Debug */,
				92203395194C08B100AC6E61 /* Release */,
			);
			defaultConfigurationIsVisible = 0;
		};
/* End XCConfigurationList section */
	};
	rootObject = 9220336C194C08B000AC6E61 /* Project object */;
}
